
Microsoft Visual Studio Solution File, Format Version 12.00
# Visual Studio Version 18
VisualStudioVersion = 18.0.11018.127
MinimumVisualStudioVersion = 10.0.40219.1
Project("{FAE04EC0-301F-11D3-BF4B-00C04F79EFBC}") = "RoyalCode.SmartSelector", "RoyalCode.SmartSelector\RoyalCode.SmartSelector.csproj", "{8B111B23-22B7-4D48-8AAF-B2D864C851F7}"
EndProject
Project("{2150E333-8FDC-42A3-9474-1A3956D46DE8}") = ".items", ".items", "{8EC462FD-D22E-90A8-E5CE-7E832BA40C5D}"
	ProjectSection(SolutionItems) = preProject
		Directory.Build.props = Directory.Build.props
		docs.md = docs.md
		libs.targets = libs.targets
		tests.targets = tests.targets
	EndProjectSection
EndProject
Project("{2150E333-8FDC-42A3-9474-1A3956D46DE8}") = "libs", "libs", "{02EA681E-C7D8-13C7-8484-4AC65E1B71E8}"
EndProject
Project("{2150E333-8FDC-42A3-9474-1A3956D46DE8}") = "tests", "tests", "{F82C3029-520B-4B6A-9D0B-5E240999873F}"
EndProject
Project("{FAE04EC0-301F-11D3-BF4B-00C04F79EFBC}") = "RoyalCode.SmartSelector.Tests", "RoyalCode.SmartSelector.Tests\RoyalCode.SmartSelector.Tests.csproj", "{D15BF7CD-BF34-4325-9F2A-0FD6B9C623AF}"
EndProject
Project("{FAE04EC0-301F-11D3-BF4B-00C04F79EFBC}") = "RoyalCode.SmartSelector.Generators", "RoyalCode.SmartSelector.Generators\RoyalCode.SmartSelector.Generators.csproj", "{91DF0C7E-D88E-496A-908C-EFAE23A92240}"
EndProject
Project("{FAE04EC0-301F-11D3-BF4B-00C04F79EFBC}") = "RoyalCode.SmartSelector.Demo", "RoyalCode.SmartSelector.Demo\RoyalCode.SmartSelector.Demo.csproj", "{2746860F-77A4-47CE-B284-A1F23CDF02A5}"
EndProject
Project("{FAE04EC0-301F-11D3-BF4B-00C04F79EFBC}") = "RoyalCode.SmartSelector.Benchmarks", "RoyalCode.SmartSelector.Benchmarks\RoyalCode.SmartSelector.Benchmarks.csproj", "{98D04C33-1439-4CF1-BC22-ABD01E7F4BF3}"
EndProject
Global
	GlobalSection(SolutionConfigurationPlatforms) = preSolution
		Debug|Any CPU = Debug|Any CPU
		Debug|x64 = Debug|x64
		Debug|x86 = Debug|x86
		Release|Any CPU = Release|Any CPU
		Release|x64 = Release|x64
		Release|x86 = Release|x86
	EndGlobalSection
	GlobalSection(ProjectConfigurationPlatforms) = postSolution
		{8B111B23-22B7-4D48-8AAF-B2D864C851F7}.Debug|Any CPU.ActiveCfg = Debug|Any CPU
		{8B111B23-22B7-4D48-8AAF-B2D864C851F7}.Debug|Any CPU.Build.0 = Debug|Any CPU
		{8B111B23-22B7-4D48-8AAF-B2D864C851F7}.Debug|x64.ActiveCfg = Debug|Any CPU
		{8B111B23-22B7-4D48-8AAF-B2D864C851F7}.Debug|x64.Build.0 = Debug|Any CPU
		{8B111B23-22B7-4D48-8AAF-B2D864C851F7}.Debug|x86.ActiveCfg = Debug|Any CPU
		{8B111B23-22B7-4D48-8AAF-B2D864C851F7}.Debug|x86.Build.0 = Debug|Any CPU
		{8B111B23-22B7-4D48-8AAF-B2D864C851F7}.Release|Any CPU.ActiveCfg = Release|Any CPU
		{8B111B23-22B7-4D48-8AAF-B2D864C851F7}.Release|Any CPU.Build.0 = Release|Any CPU
		{8B111B23-22B7-4D48-8AAF-B2D864C851F7}.Release|x64.ActiveCfg = Release|Any CPU
		{8B111B23-22B7-4D48-8AAF-B2D864C851F7}.Release|x64.Build.0 = Release|Any CPU
		{8B111B23-22B7-4D48-8AAF-B2D864C851F7}.Release|x86.ActiveCfg = Release|Any CPU
		{8B111B23-22B7-4D48-8AAF-B2D864C851F7}.Release|x86.Build.0 = Release|Any CPU
		{D15BF7CD-BF34-4325-9F2A-0FD6B9C623AF}.Debug|Any CPU.ActiveCfg = Debug|Any CPU
		{D15BF7CD-BF34-4325-9F2A-0FD6B9C623AF}.Debug|Any CPU.Build.0 = Debug|Any CPU
		{D15BF7CD-BF34-4325-9F2A-0FD6B9C623AF}.Debug|x64.ActiveCfg = Debug|Any CPU
		{D15BF7CD-BF34-4325-9F2A-0FD6B9C623AF}.Debug|x64.Build.0 = Debug|Any CPU
		{D15BF7CD-BF34-4325-9F2A-0FD6B9C623AF}.Debug|x86.ActiveCfg = Debug|Any CPU
		{D15BF7CD-BF34-4325-9F2A-0FD6B9C623AF}.Debug|x86.Build.0 = Debug|Any CPU
		{D15BF7CD-BF34-4325-9F2A-0FD6B9C623AF}.Release|Any CPU.ActiveCfg = Release|Any CPU
		{D15BF7CD-BF34-4325-9F2A-0FD6B9C623AF}.Release|Any CPU.Build.0 = Release|Any CPU
		{D15BF7CD-BF34-4325-9F2A-0FD6B9C623AF}.Release|x64.ActiveCfg = Release|Any CPU
		{D15BF7CD-BF34-4325-9F2A-0FD6B9C623AF}.Release|x64.Build.0 = Release|Any CPU
		{D15BF7CD-BF34-4325-9F2A-0FD6B9C623AF}.Release|x86.ActiveCfg = Release|Any CPU
		{D15BF7CD-BF34-4325-9F2A-0FD6B9C623AF}.Release|x86.Build.0 = Release|Any CPU
		{91DF0C7E-D88E-496A-908C-EFAE23A92240}.Debug|Any CPU.ActiveCfg = Debug|Any CPU
		{91DF0C7E-D88E-496A-908C-EFAE23A92240}.Debug|Any CPU.Build.0 = Debug|Any CPU
		{91DF0C7E-D88E-496A-908C-EFAE23A92240}.Debug|x64.ActiveCfg = Debug|Any CPU
		{91DF0C7E-D88E-496A-908C-EFAE23A92240}.Debug|x64.Build.0 = Debug|Any CPU
		{91DF0C7E-D88E-496A-908C-EFAE23A92240}.Debug|x86.ActiveCfg = Debug|Any CPU
		{91DF0C7E-D88E-496A-908C-EFAE23A92240}.Debug|x86.Build.0 = Debug|Any CPU
		{91DF0C7E-D88E-496A-908C-EFAE23A92240}.Release|Any CPU.ActiveCfg = Release|Any CPU
		{91DF0C7E-D88E-496A-908C-EFAE23A92240}.Release|Any CPU.Build.0 = Release|Any CPU
		{91DF0C7E-D88E-496A-908C-EFAE23A92240}.Release|x64.ActiveCfg = Release|Any CPU
		{91DF0C7E-D88E-496A-908C-EFAE23A92240}.Release|x64.Build.0 = Release|Any CPU
		{91DF0C7E-D88E-496A-908C-EFAE23A92240}.Release|x86.ActiveCfg = Release|Any CPU
		{91DF0C7E-D88E-496A-908C-EFAE23A92240}.Release|x86.Build.0 = Release|Any CPU
		{2746860F-77A4-47CE-B284-A1F23CDF02A5}.Debug|Any CPU.ActiveCfg = Debug|Any CPU
		{2746860F-77A4-47CE-B284-A1F23CDF02A5}.Debug|Any CPU.Build.0 = Debug|Any CPU
		{2746860F-77A4-47CE-B284-A1F23CDF02A5}.Debug|x64.ActiveCfg = Debug|Any CPU
		{2746860F-77A4-47CE-B284-A1F23CDF02A5}.Debug|x64.Build.0 = Debug|Any CPU
		{2746860F-77A4-47CE-B284-A1F23CDF02A5}.Debug|x86.ActiveCfg = Debug|Any CPU
		{2746860F-77A4-47CE-B284-A1F23CDF02A5}.Debug|x86.Build.0 = Debug|Any CPU
		{2746860F-77A4-47CE-B284-A1F23CDF02A5}.Release|Any CPU.ActiveCfg = Release|Any CPU
		{2746860F-77A4-47CE-B284-A1F23CDF02A5}.Release|Any CPU.Build.0 = Release|Any CPU
		{2746860F-77A4-47CE-B284-A1F23CDF02A5}.Release|x64.ActiveCfg = Release|Any CPU
		{2746860F-77A4-47CE-B284-A1F23CDF02A5}.Release|x64.Build.0 = Release|Any CPU
		{2746860F-77A4-47CE-B284-A1F23CDF02A5}.Release|x86.ActiveCfg = Release|Any CPU
		{2746860F-77A4-47CE-B284-A1F23CDF02A5}.Release|x86.Build.0 = Release|Any CPU
		{98D04C33-1439-4CF1-BC22-ABD01E7F4BF3}.Debug|Any CPU.ActiveCfg = Debug|Any CPU
		{98D04C33-1439-4CF1-BC22-ABD01E7F4BF3}.Debug|Any CPU.Build.0 = Debug|Any CPU
		{98D04C33-1439-4CF1-BC22-ABD01E7F4BF3}.Debug|x64.ActiveCfg = Debug|Any CPU
		{98D04C33-1439-4CF1-BC22-ABD01E7F4BF3}.Debug|x64.Build.0 = Debug|Any CPU
		{98D04C33-1439-4CF1-BC22-ABD01E7F4BF3}.Debug|x86.ActiveCfg = Debug|Any CPU
		{98D04C33-1439-4CF1-BC22-ABD01E7F4BF3}.Debug|x86.Build.0 = Debug|Any CPU
		{98D04C33-1439-4CF1-BC22-ABD01E7F4BF3}.Release|Any CPU.ActiveCfg = Release|Any CPU
		{98D04C33-1439-4CF1-BC22-ABD01E7F4BF3}.Release|Any CPU.Build.0 = Release|Any CPU
		{98D04C33-1439-4CF1-BC22-ABD01E7F4BF3}.Release|x64.ActiveCfg = Release|Any CPU
		{98D04C33-1439-4CF1-BC22-ABD01E7F4BF3}.Release|x64.Build.0 = Release|Any CPU
		{98D04C33-1439-4CF1-BC22-ABD01E7F4BF3}.Release|x86.ActiveCfg = Release|Any CPU
		{98D04C33-1439-4CF1-BC22-ABD01E7F4BF3}.Release|x86.Build.0 = Release|Any CPU
	EndGlobalSection
	GlobalSection(SolutionProperties) = preSolution
		HideSolutionNode = FALSE
	EndGlobalSection
	GlobalSection(NestedProjects) = preSolution
		{8B111B23-22B7-4D48-8AAF-B2D864C851F7} = {02EA681E-C7D8-13C7-8484-4AC65E1B71E8}
		{D15BF7CD-BF34-4325-9F2A-0FD6B9C623AF} = {F82C3029-520B-4B6A-9D0B-5E240999873F}
		{91DF0C7E-D88E-496A-908C-EFAE23A92240} = {02EA681E-C7D8-13C7-8484-4AC65E1B71E8}
		{2746860F-77A4-47CE-B284-A1F23CDF02A5} = {F82C3029-520B-4B6A-9D0B-5E240999873F}
		{98D04C33-1439-4CF1-BC22-ABD01E7F4BF3} = {F82C3029-520B-4B6A-9D0B-5E240999873F}
	EndGlobalSection
	GlobalSection(ExtensibilityGlobals) = postSolution
		SolutionGuid = {3597CAB3-17AD-45BB-8829-54E4B9A311AD}
	EndGlobalSection
EndGlobal
